
Microsoft Visual Studio Solution File, Format Version 12.00
# Visual Studio Version 17
VisualStudioVersion = 17.14.36429.23 d17.14
MinimumVisualStudioVersion = 10.0.40219.1
Project("{FAE04EC0-301F-11D3-BF4B-00C04F79EFBC}") = "Laboratorio 5.3", "Laboratorio 5.3\Laboratorio 5.3.csproj", "{B412203C-A3B9-4AED-AAB3-76EE54C62FDD}"
EndProject
Global
	GlobalSection(SolutionConfigurationPlatforms) = preSolution
		Debug|Any CPU = Debug|Any CPU
		Release|Any CPU = Release|Any CPU
	EndGlobalSection
	GlobalSection(ProjectConfigurationPlatforms) = postSolution
		{B412203C-A3B9-4AED-AAB3-76EE54C62FDD}.Debug|Any CPU.ActiveCfg = Debug|Any CPU
		{B412203C-A3B9-4AED-AAB3-76EE54C62FDD}.Debug|Any CPU.Build.0 = Debug|Any CPU
		{B412203C-A3B9-4AED-AAB3-76EE54C62FDD}.Release|Any CPU.ActiveCfg = Release|Any CPU
		{B412203C-A3B9-4AED-AAB3-76EE54C62FDD}.Release|Any CPU.Build.0 = Release|Any CPU
	EndGlobalSection
	GlobalSection(SolutionProperties) = preSolution
		HideSolutionNode = FALSE
	EndGlobalSection
	GlobalSection(ExtensibilityGlobals) = postSolution
		SolutionGuid = {397EBADE-24B0-49F9-84CB-F022711B815A}
	EndGlobalSection
EndGlobal
