
Microsoft Visual Studio Solution File, Format Version 12.00
# Visual Studio Version 17
VisualStudioVersion = 17.14.36429.23 d17.14
MinimumVisualStudioVersion = 10.0.40219.1
Project("{FAE04EC0-301F-11D3-BF4B-00C04F79EFBC}") = "Laboratorio 5.2", "Laboratorio 5.2\Laboratorio 5.2.csproj", "{E3465C47-1764-48AA-B152-4ABFD78CB6F5}"
EndProject
Global
	GlobalSection(SolutionConfigurationPlatforms) = preSolution
		Debug|Any CPU = Debug|Any CPU
		Release|Any CPU = Release|Any CPU
	EndGlobalSection
	GlobalSection(ProjectConfigurationPlatforms) = postSolution
		{E3465C47-1764-48AA-B152-4ABFD78CB6F5}.Debug|Any CPU.ActiveCfg = Debug|Any CPU
		{E3465C47-1764-48AA-B152-4ABFD78CB6F5}.Debug|Any CPU.Build.0 = Debug|Any CPU
		{E3465C47-1764-48AA-B152-4ABFD78CB6F5}.Release|Any CPU.ActiveCfg = Release|Any CPU
		{E3465C47-1764-48AA-B152-4ABFD78CB6F5}.Release|Any CPU.Build.0 = Release|Any CPU
	EndGlobalSection
	GlobalSection(SolutionProperties) = preSolution
		HideSolutionNode = FALSE
	EndGlobalSection
	GlobalSection(ExtensibilityGlobals) = postSolution
		SolutionGuid = {E0A09277-1DA9-41A5-8646-EC4B45DC0D99}
	EndGlobalSection
EndGlobal
