
Microsoft Visual Studio Solution File, Format Version 12.00
# Visual Studio Version 17
VisualStudioVersion = 17.14.36717.8
MinimumVisualStudioVersion = 10.0.40219.1
Project("{FAE04EC0-301F-11D3-BF4B-00C04F79EFBC}") = "laboratorio 19-1", "laboratorio 19-1\laboratorio 19-1.csproj", "{85613D32-102C-4C34-8084-0E0C4DBE0813}"
EndProject
Project("{FAE04EC0-301F-11D3-BF4B-00C04F79EFBC}") = "Laboratorio 19-2", "Laboratorio 19-2\Laboratorio 19-2.csproj", "{06DDF654-EE24-4804-9F8C-AB35DDDD392E}"
EndProject
Project("{FAE04EC0-301F-11D3-BF4B-00C04F79EFBC}") = "Laboratorio 19-3", "Laboratorio 19-3\Laboratorio 19-3.csproj", "{9BF7C6CE-8D59-4FC3-962E-DEF32AD0B838}"
EndProject
Global
	GlobalSection(SolutionConfigurationPlatforms) = preSolution
		Debug|Any CPU = Debug|Any CPU
		Release|Any CPU = Release|Any CPU
	EndGlobalSection
	GlobalSection(ProjectConfigurationPlatforms) = postSolution
		{85613D32-102C-4C34-8084-0E0C4DBE0813}.Debug|Any CPU.ActiveCfg = Debug|Any CPU
		{85613D32-102C-4C34-8084-0E0C4DBE0813}.Debug|Any CPU.Build.0 = Debug|Any CPU
		{85613D32-102C-4C34-8084-0E0C4DBE0813}.Release|Any CPU.ActiveCfg = Release|Any CPU
		{85613D32-102C-4C34-8084-0E0C4DBE0813}.Release|Any CPU.Build.0 = Release|Any CPU
		{06DDF654-EE24-4804-9F8C-AB35DDDD392E}.Debug|Any CPU.ActiveCfg = Debug|Any CPU
		{06DDF654-EE24-4804-9F8C-AB35DDDD392E}.Debug|Any CPU.Build.0 = Debug|Any CPU
		{06DDF654-EE24-4804-9F8C-AB35DDDD392E}.Release|Any CPU.ActiveCfg = Release|Any CPU
		{06DDF654-EE24-4804-9F8C-AB35DDDD392E}.Release|Any CPU.Build.0 = Release|Any CPU
		{9BF7C6CE-8D59-4FC3-962E-DEF32AD0B838}.Debug|Any CPU.ActiveCfg = Debug|Any CPU
		{9BF7C6CE-8D59-4FC3-962E-DEF32AD0B838}.Debug|Any CPU.Build.0 = Debug|Any CPU
		{9BF7C6CE-8D59-4FC3-962E-DEF32AD0B838}.Release|Any CPU.ActiveCfg = Release|Any CPU
		{9BF7C6CE-8D59-4FC3-962E-DEF32AD0B838}.Release|Any CPU.Build.0 = Release|Any CPU
	EndGlobalSection
	GlobalSection(SolutionProperties) = preSolution
		HideSolutionNode = FALSE
	EndGlobalSection
	GlobalSection(ExtensibilityGlobals) = postSolution
		SolutionGuid = {978BD789-E410-4E4B-9A8F-AE28F99F1256}
	EndGlobalSection
EndGlobal
